
Microsoft Visual Studio Solution File, Format Version 12.00
# Visual Studio Version 17
VisualStudioVersion = 17.14.37216.2 d17.14
MinimumVisualStudioVersion = 10.0.40219.1
Project("{FAE04EC0-301F-11D3-BF4B-00C04F79EFBC}") = "02.OldestFamilyMember", "02.OldestFamilyMember\02.OldestFamilyMember.csproj", "{4EE6B54C-0487-4118-AE8E-A7A43CEF6300}"
EndProject
Project("{FAE04EC0-301F-11D3-BF4B-00C04F79EFBC}") = "03.SpeedRacing", "03.SpeedRacing\03.SpeedRacing.csproj", "{835F23E9-304D-488A-862D-9DD3CF309FEF}"
EndProject
Project("{FAE04EC0-301F-11D3-BF4B-00C04F79EFBC}") = "04.RawData", "04.RawData\04.RawData.csproj", "{6E65A3A6-945B-4790-9B4A-2714CD4477A9}"
EndProject
Project("{FAE04EC0-301F-11D3-BF4B-00C04F79EFBC}") = "05.ShoppingSpree", "05.ShoppingSpree\05.ShoppingSpree.csproj", "{8621B5FF-9A4D-48D5-94F7-AB2988FBB375}"
EndProject
Project("{FAE04EC0-301F-11D3-BF4B-00C04F79EFBC}") = "01.CompanyRoster", "01.CompanyRoster\01.CompanyRoster.csproj", "{9E618D97-95DF-452D-808C-0088964C32BF}"
EndProject
Global
	GlobalSection(SolutionConfigurationPlatforms) = preSolution
		Debug|Any CPU = Debug|Any CPU
		Release|Any CPU = Release|Any CPU
	EndGlobalSection
	GlobalSection(ProjectConfigurationPlatforms) = postSolution
		{4EE6B54C-0487-4118-AE8E-A7A43CEF6300}.Debug|Any CPU.ActiveCfg = Debug|Any CPU
		{4EE6B54C-0487-4118-AE8E-A7A43CEF6300}.Debug|Any CPU.Build.0 = Debug|Any CPU
		{4EE6B54C-0487-4118-AE8E-A7A43CEF6300}.Release|Any CPU.ActiveCfg = Release|Any CPU
		{4EE6B54C-0487-4118-AE8E-A7A43CEF6300}.Release|Any CPU.Build.0 = Release|Any CPU
		{835F23E9-304D-488A-862D-9DD3CF309FEF}.Debug|Any CPU.ActiveCfg = Debug|Any CPU
		{835F23E9-304D-488A-862D-9DD3CF309FEF}.Debug|Any CPU.Build.0 = Debug|Any CPU
		{835F23E9-304D-488A-862D-9DD3CF309FEF}.Release|Any CPU.ActiveCfg = Release|Any CPU
		{835F23E9-304D-488A-862D-9DD3CF309FEF}.Release|Any CPU.Build.0 = Release|Any CPU
		{6E65A3A6-945B-4790-9B4A-2714CD4477A9}.Debug|Any CPU.ActiveCfg = Debug|Any CPU
		{6E65A3A6-945B-4790-9B4A-2714CD4477A9}.Debug|Any CPU.Build.0 = Debug|Any CPU
		{6E65A3A6-945B-4790-9B4A-2714CD4477A9}.Release|Any CPU.ActiveCfg = Release|Any CPU
		{6E65A3A6-945B-4790-9B4A-2714CD4477A9}.Release|Any CPU.Build.0 = Release|Any CPU
		{8621B5FF-9A4D-48D5-94F7-AB2988FBB375}.Debug|Any CPU.ActiveCfg = Debug|Any CPU
		{8621B5FF-9A4D-48D5-94F7-AB2988FBB375}.Debug|Any CPU.Build.0 = Debug|Any CPU
		{8621B5FF-9A4D-48D5-94F7-AB2988FBB375}.Release|Any CPU.ActiveCfg = Release|Any CPU
		{8621B5FF-9A4D-48D5-94F7-AB2988FBB375}.Release|Any CPU.Build.0 = Release|Any CPU
		{9E618D97-95DF-452D-808C-0088964C32BF}.Debug|Any CPU.ActiveCfg = Debug|Any CPU
		{9E618D97-95DF-452D-808C-0088964C32BF}.Debug|Any CPU.Build.0 = Debug|Any CPU
		{9E618D97-95DF-452D-808C-0088964C32BF}.Release|Any CPU.ActiveCfg = Release|Any CPU
		{9E618D97-95DF-452D-808C-0088964C32BF}.Release|Any CPU.Build.0 = Release|Any CPU
	EndGlobalSection
	GlobalSection(SolutionProperties) = preSolution
		HideSolutionNode = FALSE
	EndGlobalSection
	GlobalSection(ExtensibilityGlobals) = postSolution
		SolutionGuid = {F553BD53-0421-41CF-AECA-4D8B9236165E}
	EndGlobalSection
EndGlobal
